// !$*UTF8*$!
{
	archiveVersion = 1;
	classes = {
	};
	objectVersion = 51;
	objects = {

/* Begin PBXBuildFile section */
		03A2F3FF24D3406C00C9F256 /* MasterViewController+ViewContract.swift in Sources */ = {isa = PBXBuildFile; fileRef = 03A2F3FE24D3406C00C9F256 /* MasterViewController+ViewContract.swift */; };
		03A2F40124D3588400C9F256 /* MasterViewController.xib in Resources */ = {isa = PBXBuildFile; fileRef = 03A2F40024D3588400C9F256 /* MasterViewController.xib */; };
		03A2F40324D3598A00C9F256 /* DetailViewController.xib in Resources */ = {isa = PBXBuildFile; fileRef = 03A2F40224D3598A00C9F256 /* DetailViewController.xib */; };
		03B05D5824CD9DAA005973D0 /* AppDelegate.swift in Sources */ = {isa = PBXBuildFile; fileRef = 03B05D5724CD9DAA005973D0 /* AppDelegate.swift */; };
		03B05D5A24CD9DAA005973D0 /* SceneDelegate.swift in Sources */ = {isa = PBXBuildFile; fileRef = 03B05D5924CD9DAA005973D0 /* SceneDelegate.swift */; };
		03B05D5C24CD9DAA005973D0 /* MasterViewController.swift in Sources */ = {isa = PBXBuildFile; fileRef = 03B05D5B24CD9DAA005973D0 /* MasterViewController.swift */; };
		03B05D5E24CD9DAA005973D0 /* DetailViewController.swift in Sources */ = {isa = PBXBuildFile; fileRef = 03B05D5D24CD9DAA005973D0 /* DetailViewController.swift */; };
		03B05D6324CD9DAB005973D0 /* Assets.xcassets in Resources */ = {isa = PBXBuildFile; fileRef = 03B05D6224CD9DAB005973D0 /* Assets.xcassets */; };
		03B05D6624CD9DAB005973D0 /* LaunchScreen.storyboard in Resources */ = {isa = PBXBuildFile; fileRef = 03B05D6424CD9DAB005973D0 /* LaunchScreen.storyboard */; };
		03B05D8924CDCB91005973D0 /* QueueManager.swift in Sources */ = {isa = PBXBuildFile; fileRef = 03B05D8724CDCB91005973D0 /* QueueManager.swift */; };
		03B05D8C24CDCC83005973D0 /* ConcurrentOperation.swift in Sources */ = {isa = PBXBuildFile; fileRef = 03B05D8B24CDCC83005973D0 /* ConcurrentOperation.swift */; };
		03B05D8F24CDCD94005973D0 /* FetchEarthquakesOperation.swift in Sources */ = {isa = PBXBuildFile; fileRef = 03B05D8E24CDCD94005973D0 /* FetchEarthquakesOperation.swift */; };
		03B05D9424CDCE6A005973D0 /* RequestConfig.swift in Sources */ = {isa = PBXBuildFile; fileRef = 03B05D9224CDCE6A005973D0 /* RequestConfig.swift */; };
		03B05D9524CDCE6A005973D0 /* URLRequestFactory.swift in Sources */ = {isa = PBXBuildFile; fileRef = 03B05D9324CDCE6A005973D0 /* URLRequestFactory.swift */; };
		03B05D9824CDCEEF005973D0 /* EarthquakeURLRequestFactory.swift in Sources */ = {isa = PBXBuildFile; fileRef = 03B05D9724CDCEEF005973D0 /* EarthquakeURLRequestFactory.swift */; };
		03B05D9A24CDE165005973D0 /* EarthquakesRemote.swift in Sources */ = {isa = PBXBuildFile; fileRef = 03B05D9924CDE165005973D0 /* EarthquakesRemote.swift */; };
		03B05D9C24CDE6E7005973D0 /* EarthquakesDataManager.swift in Sources */ = {isa = PBXBuildFile; fileRef = 03B05D9B24CDE6E7005973D0 /* EarthquakesDataManager.swift */; };
		03B05D9E24CDEB72005973D0 /* EarthquakesDataSource.swift in Sources */ = {isa = PBXBuildFile; fileRef = 03B05D9D24CDEB72005973D0 /* EarthquakesDataSource.swift */; };
		03B05DA024CDEBB2005973D0 /* EarthquakesInfo.swift in Sources */ = {isa = PBXBuildFile; fileRef = 03B05D9F24CDEBB2005973D0 /* EarthquakesInfo.swift */; };
		03B05DA224CE0580005973D0 /* EarthquakesRepository.swift in Sources */ = {isa = PBXBuildFile; fileRef = 03B05DA124CE0580005973D0 /* EarthquakesRepository.swift */; };
		03B05DA424CF58C5005973D0 /* UseCase.swift in Sources */ = {isa = PBXBuildFile; fileRef = 03B05DA324CF58C5005973D0 /* UseCase.swift */; };
		03B05DA624CF5919005973D0 /* GetEarthquakes.swift in Sources */ = {isa = PBXBuildFile; fileRef = 03B05DA524CF5919005973D0 /* GetEarthquakes.swift */; };
		03B05DA824CF5B5E005973D0 /* EarthquakeContract.swift in Sources */ = {isa = PBXBuildFile; fileRef = 03B05DA724CF5B5E005973D0 /* EarthquakeContract.swift */; };
		03B05DAA24CF5B6D005973D0 /* EarthquakePresenter.swift in Sources */ = {isa = PBXBuildFile; fileRef = 03B05DA924CF5B6D005973D0 /* EarthquakePresenter.swift */; };
		03B05DAD24CF5B77005973D0 /* Injection.swift in Sources */ = {isa = PBXBuildFile; fileRef = 03B05DAC24CF5B77005973D0 /* Injection.swift */; };
		03B05DB024CF5B97005973D0 /* Earthquake.swift in Sources */ = {isa = PBXBuildFile; fileRef = 03B05DAF24CF5B97005973D0 /* Earthquake.swift */; };
		03B05DB224CF5D23005973D0 /* AppSchedulerProvider.swift in Sources */ = {isa = PBXBuildFile; fileRef = 03B05DB124CF5D23005973D0 /* AppSchedulerProvider.swift */; };
		636E1BDEC43C846F220B1CE5 /* Pods_EarthquakesTests.framework in Frameworks */ = {isa = PBXBuildFile; fileRef = 2A808555E0E4A0848A598F65 /* Pods_EarthquakesTests.framework */; };
		7ED26E503479227D9A4FBE98 /* Pods_Earthquakes.framework in Frameworks */ = {isa = PBXBuildFile; fileRef = 87006702E327A0E2CE06FC92 /* Pods_Earthquakes.framework */; };
/* End PBXBuildFile section */

/* Begin PBXContainerItemProxy section */
		03B05D6D24CD9DAB005973D0 /* PBXContainerItemProxy */ = {
			isa = PBXContainerItemProxy;
			containerPortal = 03B05D4C24CD9DAA005973D0 /* Project object */;
			proxyType = 1;
			remoteGlobalIDString = 03B05D5324CD9DAA005973D0;
			remoteInfo = Earthquakes;
		};
/* End PBXContainerItemProxy section */

/* Begin PBXFileReference section */
		036DAF1296A6C2350DFA0CE4 /* Pods-Earthquakes.release.xcconfig */ = {isa = PBXFileReference; includeInIndex = 1; lastKnownFileType = text.xcconfig; name = "Pods-Earthquakes.release.xcconfig"; path = "Target Support Files/Pods-Earthquakes/Pods-Earthquakes.release.xcconfig"; sourceTree = "<group>"; };
		03A2F3FE24D3406C00C9F256 /* MasterViewController+ViewContract.swift */ = {isa = PBXFileReference; lastKnownFileType = sourcecode.swift; path = "MasterViewController+ViewContract.swift"; sourceTree = "<group>"; };
		03A2F40024D3588400C9F256 /* MasterViewController.xib */ = {isa = PBXFileReference; lastKnownFileType = file.xib; path = MasterViewController.xib; sourceTree = "<group>"; };
		03A2F40224D3598A00C9F256 /* DetailViewController.xib */ = {isa = PBXFileReference; lastKnownFileType = file.xib; path = DetailViewController.xib; sourceTree = "<group>"; };
		03B05D5424CD9DAA005973D0 /* Earthquakes.app */ = {isa = PBXFileReference; explicitFileType = wrapper.application; includeInIndex = 0; path = Earthquakes.app; sourceTree = BUILT_PRODUCTS_DIR; };
		03B05D5724CD9DAA005973D0 /* AppDelegate.swift */ = {isa = PBXFileReference; lastKnownFileType = sourcecode.swift; path = AppDelegate.swift; sourceTree = "<group>"; };
		03B05D5924CD9DAA005973D0 /* SceneDelegate.swift */ = {isa = PBXFileReference; lastKnownFileType = sourcecode.swift; path = SceneDelegate.swift; sourceTree = "<group>"; };
		03B05D5B24CD9DAA005973D0 /* MasterViewController.swift */ = {isa = PBXFileReference; lastKnownFileType = sourcecode.swift; path = MasterViewController.swift; sourceTree = "<group>"; };
		03B05D5D24CD9DAA005973D0 /* DetailViewController.swift */ = {isa = PBXFileReference; lastKnownFileType = sourcecode.swift; path = DetailViewController.swift; sourceTree = "<group>"; };
		03B05D6224CD9DAB005973D0 /* Assets.xcassets */ = {isa = PBXFileReference; lastKnownFileType = folder.assetcatalog; path = Assets.xcassets; sourceTree = "<group>"; };
		03B05D6524CD9DAB005973D0 /* Base */ = {isa = PBXFileReference; lastKnownFileType = file.storyboard; name = Base; path = Base.lproj/LaunchScreen.storyboard; sourceTree = "<group>"; };
		03B05D6724CD9DAB005973D0 /* Info.plist */ = {isa = PBXFileReference; lastKnownFileType = text.plist.xml; path = Info.plist; sourceTree = "<group>"; };
		03B05D6C24CD9DAB005973D0 /* EarthquakesTests.xctest */ = {isa = PBXFileReference; explicitFileType = wrapper.cfbundle; includeInIndex = 0; path = EarthquakesTests.xctest; sourceTree = BUILT_PRODUCTS_DIR; };
		03B05D7224CD9DAB005973D0 /* Info.plist */ = {isa = PBXFileReference; lastKnownFileType = text.plist.xml; path = Info.plist; sourceTree = "<group>"; };
		03B05D8724CDCB91005973D0 /* QueueManager.swift */ = {isa = PBXFileReference; fileEncoding = 4; lastKnownFileType = sourcecode.swift; path = QueueManager.swift; sourceTree = "<group>"; };
		03B05D8B24CDCC83005973D0 /* ConcurrentOperation.swift */ = {isa = PBXFileReference; fileEncoding = 4; lastKnownFileType = sourcecode.swift; path = ConcurrentOperation.swift; sourceTree = "<group>"; };
		03B05D8E24CDCD94005973D0 /* FetchEarthquakesOperation.swift */ = {isa = PBXFileReference; lastKnownFileType = sourcecode.swift; path = FetchEarthquakesOperation.swift; sourceTree = "<group>"; };
		03B05D9224CDCE6A005973D0 /* RequestConfig.swift */ = {isa = PBXFileReference; fileEncoding = 4; lastKnownFileType = sourcecode.swift; path = RequestConfig.swift; sourceTree = "<group>"; };
		03B05D9324CDCE6A005973D0 /* URLRequestFactory.swift */ = {isa = PBXFileReference; fileEncoding = 4; lastKnownFileType = sourcecode.swift; path = URLRequestFactory.swift; sourceTree = "<group>"; };
		03B05D9724CDCEEF005973D0 /* EarthquakeURLRequestFactory.swift */ = {isa = PBXFileReference; lastKnownFileType = sourcecode.swift; path = EarthquakeURLRequestFactory.swift; sourceTree = "<group>"; };
		03B05D9924CDE165005973D0 /* EarthquakesRemote.swift */ = {isa = PBXFileReference; lastKnownFileType = sourcecode.swift; path = EarthquakesRemote.swift; sourceTree = "<group>"; };
		03B05D9B24CDE6E7005973D0 /* EarthquakesDataManager.swift */ = {isa = PBXFileReference; lastKnownFileType = sourcecode.swift; path = EarthquakesDataManager.swift; sourceTree = "<group>"; };
		03B05D9D24CDEB72005973D0 /* EarthquakesDataSource.swift */ = {isa = PBXFileReference; lastKnownFileType = sourcecode.swift; path = EarthquakesDataSource.swift; sourceTree = "<group>"; };
		03B05D9F24CDEBB2005973D0 /* EarthquakesInfo.swift */ = {isa = PBXFileReference; lastKnownFileType = sourcecode.swift; path = EarthquakesInfo.swift; sourceTree = "<group>"; };
		03B05DA124CE0580005973D0 /* EarthquakesRepository.swift */ = {isa = PBXFileReference; lastKnownFileType = sourcecode.swift; path = EarthquakesRepository.swift; sourceTree = "<group>"; };
		03B05DA324CF58C5005973D0 /* UseCase.swift */ = {isa = PBXFileReference; fileEncoding = 4; lastKnownFileType = sourcecode.swift; path = UseCase.swift; sourceTree = "<group>"; };
		03B05DA524CF5919005973D0 /* GetEarthquakes.swift */ = {isa = PBXFileReference; lastKnownFileType = sourcecode.swift; path = GetEarthquakes.swift; sourceTree = "<group>"; };
		03B05DA724CF5B5E005973D0 /* EarthquakeContract.swift */ = {isa = PBXFileReference; lastKnownFileType = sourcecode.swift; path = EarthquakeContract.swift; sourceTree = "<group>"; };
		03B05DA924CF5B6D005973D0 /* EarthquakePresenter.swift */ = {isa = PBXFileReference; lastKnownFileType = sourcecode.swift; path = EarthquakePresenter.swift; sourceTree = "<group>"; };
		03B05DAC24CF5B77005973D0 /* Injection.swift */ = {isa = PBXFileReference; lastKnownFileType = sourcecode.swift; path = Injection.swift; sourceTree = "<group>"; };
		03B05DAF24CF5B97005973D0 /* Earthquake.swift */ = {isa = PBXFileReference; lastKnownFileType = sourcecode.swift; path = Earthquake.swift; sourceTree = "<group>"; };
		03B05DB124CF5D23005973D0 /* AppSchedulerProvider.swift */ = {isa = PBXFileReference; fileEncoding = 4; lastKnownFileType = sourcecode.swift; path = AppSchedulerProvider.swift; sourceTree = "<group>"; };
		29E188A3D14F67D2633ECE80 /* Pods-EarthquakesTests.release.xcconfig */ = {isa = PBXFileReference; includeInIndex = 1; lastKnownFileType = text.xcconfig; name = "Pods-EarthquakesTests.release.xcconfig"; path = "Target Support Files/Pods-EarthquakesTests/Pods-EarthquakesTests.release.xcconfig"; sourceTree = "<group>"; };
		2A808555E0E4A0848A598F65 /* Pods_EarthquakesTests.framework */ = {isa = PBXFileReference; explicitFileType = wrapper.framework; includeInIndex = 0; path = Pods_EarthquakesTests.framework; sourceTree = BUILT_PRODUCTS_DIR; };
		87006702E327A0E2CE06FC92 /* Pods_Earthquakes.framework */ = {isa = PBXFileReference; explicitFileType = wrapper.framework; includeInIndex = 0; path = Pods_Earthquakes.framework; sourceTree = BUILT_PRODUCTS_DIR; };
		C90AECC9CD7EBA3CD76349A9 /* Pods-EarthquakesTests.debug.xcconfig */ = {isa = PBXFileReference; includeInIndex = 1; lastKnownFileType = text.xcconfig; name = "Pods-EarthquakesTests.debug.xcconfig"; path = "Target Support Files/Pods-EarthquakesTests/Pods-EarthquakesTests.debug.xcconfig"; sourceTree = "<group>"; };
		CAA4E6BA82AA9CF9C474B815 /* Pods-Earthquakes.debug.xcconfig */ = {isa = PBXFileReference; includeInIndex = 1; lastKnownFileType = text.xcconfig; name = "Pods-Earthquakes.debug.xcconfig"; path = "Target Support Files/Pods-Earthquakes/Pods-Earthquakes.debug.xcconfig"; sourceTree = "<group>"; };
/* End PBXFileReference section */

/* Begin PBXFrameworksBuildPhase section */
		03B05D5124CD9DAA005973D0 /* Frameworks */ = {
			isa = PBXFrameworksBuildPhase;
			buildActionMask = 2147483647;
			files = (
				7ED26E503479227D9A4FBE98 /* Pods_Earthquakes.framework in Frameworks */,
			);
			runOnlyForDeploymentPostprocessing = 0;
		};
		03B05D6924CD9DAB005973D0 /* Frameworks */ = {
			isa = PBXFrameworksBuildPhase;
			buildActionMask = 2147483647;
			files = (
				636E1BDEC43C846F220B1CE5 /* Pods_EarthquakesTests.framework in Frameworks */,
			);
			runOnlyForDeploymentPostprocessing = 0;
		};
/* End PBXFrameworksBuildPhase section */

/* Begin PBXGroup section */
		03A2F40424D4343700C9F256 /* Static Assets */ = {
			isa = PBXGroup;
			children = (
				03B05D6224CD9DAB005973D0 /* Assets.xcassets */,
			);
			path = "Static Assets";
			sourceTree = "<group>";
		};
		03A2F40524D4344500C9F256 /* Screens */ = {
			isa = PBXGroup;
			children = (
				03B05DA724CF5B5E005973D0 /* EarthquakeContract.swift */,
				03B05DA924CF5B6D005973D0 /* EarthquakePresenter.swift */,
				03B05D5B24CD9DAA005973D0 /* MasterViewController.swift */,
				03A2F3FE24D3406C00C9F256 /* MasterViewController+ViewContract.swift */,
				03A2F40024D3588400C9F256 /* MasterViewController.xib */,
				03B05D5D24CD9DAA005973D0 /* DetailViewController.swift */,
				03A2F40224D3598A00C9F256 /* DetailViewController.xib */,
			);
			path = Screens;
			sourceTree = "<group>";
		};
		03B05D4B24CD9DAA005973D0 = {
			isa = PBXGroup;
			children = (
				03B05D5624CD9DAA005973D0 /* Earthquakes */,
				03B05D6F24CD9DAB005973D0 /* EarthquakesTests */,
				03B05D5524CD9DAA005973D0 /* Products */,
				BBCAAB831B5B8FFAD00EDF76 /* Pods */,
				683F1C9CBDD8E756240FA5ED /* Frameworks */,
			);
			sourceTree = "<group>";
		};
		03B05D5524CD9DAA005973D0 /* Products */ = {
			isa = PBXGroup;
			children = (
				03B05D5424CD9DAA005973D0 /* Earthquakes.app */,
				03B05D6C24CD9DAB005973D0 /* EarthquakesTests.xctest */,
			);
			name = Products;
			sourceTree = "<group>";
		};
		03B05D5624CD9DAA005973D0 /* Earthquakes */ = {
			isa = PBXGroup;
			children = (
				03B05D7B24CDAF0B005973D0 /* Data */,
				03B05D7C24CDAF14005973D0 /* Domain */,
				03B05D7D24CDAF18005973D0 /* UI */,
				03B05D5724CD9DAA005973D0 /* AppDelegate.swift */,
				03B05D6724CD9DAB005973D0 /* Info.plist */,
			);
			path = Earthquakes;
			sourceTree = "<group>";
		};
		03B05D6F24CD9DAB005973D0 /* EarthquakesTests */ = {
			isa = PBXGroup;
			children = (
				03B05D7224CD9DAB005973D0 /* Info.plist */,
			);
			path = EarthquakesTests;
			sourceTree = "<group>";
		};
		03B05D7B24CDAF0B005973D0 /* Data */ = {
			isa = PBXGroup;
			children = (
				03B05D7E24CDC818005973D0 /* Repositories */,
				03B05D8124CDC833005973D0 /* Data Sources */,
				03B05D8224CDCAA2005973D0 /* Data Models */,
				03B05D8024CDC82A005973D0 /* Network Resources */,
			);
			path = Data;
			sourceTree = "<group>";
		};
		03B05D7C24CDAF14005973D0 /* Domain */ = {
			isa = PBXGroup;
			children = (
				03B05D8324CDCAC1005973D0 /* Use cases */,
				03B05D8424CDCAC7005973D0 /* Domain Models */,
			);
			path = Domain;
			sourceTree = "<group>";
		};
		03B05D7D24CDAF18005973D0 /* UI */ = {
			isa = PBXGroup;
			children = (
				03A2F40424D4343700C9F256 /* Static Assets */,
				03B05DAB24CF5B70005973D0 /* DI */,
				03B05DAE24CF5B7F005973D0 /* UI Models */,
				03A2F40524D4344500C9F256 /* Screens */,
				03B05D5924CD9DAA005973D0 /* SceneDelegate.swift */,
				03B05D6424CD9DAB005973D0 /* LaunchScreen.storyboard */,
			);
			path = UI;
			sourceTree = "<group>";
		};
		03B05D7E24CDC818005973D0 /* Repositories */ = {
			isa = PBXGroup;
			children = (
				03B05DA124CE0580005973D0 /* EarthquakesRepository.swift */,
			);
			path = Repositories;
			sourceTree = "<group>";
		};
		03B05D8024CDC82A005973D0 /* Network Resources */ = {
			isa = PBXGroup;
			children = (
				03B05D8524CDCB91005973D0 /* Queue */,
				03B05D8A24CDCC0A005973D0 /* Operations */,
				03B05D9024CDCDB2005973D0 /* Requests */,
			);
			path = "Network Resources";
			sourceTree = "<group>";
		};
		03B05D8124CDC833005973D0 /* Data Sources */ = {
			isa = PBXGroup;
			children = (
				03B05D9D24CDEB72005973D0 /* EarthquakesDataSource.swift */,
			);
			path = "Data Sources";
			sourceTree = "<group>";
		};
		03B05D8224CDCAA2005973D0 /* Data Models */ = {
			isa = PBXGroup;
			children = (
				03B05D9924CDE165005973D0 /* EarthquakesRemote.swift */,
			);
			path = "Data Models";
			sourceTree = "<group>";
		};
		03B05D8324CDCAC1005973D0 /* Use cases */ = {
			isa = PBXGroup;
			children = (
				03B05DA324CF58C5005973D0 /* UseCase.swift */,
				03B05DA524CF5919005973D0 /* GetEarthquakes.swift */,
			);
			path = "Use cases";
			sourceTree = "<group>";
		};
		03B05D8424CDCAC7005973D0 /* Domain Models */ = {
			isa = PBXGroup;
			children = (
				03B05D9F24CDEBB2005973D0 /* EarthquakesInfo.swift */,
			);
			path = "Domain Models";
			sourceTree = "<group>";
		};
		03B05D8524CDCB91005973D0 /* Queue */ = {
			isa = PBXGroup;
			children = (
				03B05DB124CF5D23005973D0 /* AppSchedulerProvider.swift */,
				03B05D8724CDCB91005973D0 /* QueueManager.swift */,
			);
			path = Queue;
			sourceTree = "<group>";
		};
		03B05D8A24CDCC0A005973D0 /* Operations */ = {
			isa = PBXGroup;
			children = (
				03B05D8B24CDCC83005973D0 /* ConcurrentOperation.swift */,
				03B05D8D24CDCCBF005973D0 /* Earthquakes */,
			);
			path = Operations;
			sourceTree = "<group>";
		};
		03B05D8D24CDCCBF005973D0 /* Earthquakes */ = {
			isa = PBXGroup;
			children = (
				03B05D8E24CDCD94005973D0 /* FetchEarthquakesOperation.swift */,
				03B05D9B24CDE6E7005973D0 /* EarthquakesDataManager.swift */,
			);
			path = Earthquakes;
			sourceTree = "<group>";
		};
		03B05D9024CDCDB2005973D0 /* Requests */ = {
			isa = PBXGroup;
			children = (
				03B05D9124CDCE6A005973D0 /* Abstract */,
				03B05D9624CDCED2005973D0 /* Earthquakes */,
			);
			path = Requests;
			sourceTree = "<group>";
		};
		03B05D9124CDCE6A005973D0 /* Abstract */ = {
			isa = PBXGroup;
			children = (
				03B05D9224CDCE6A005973D0 /* RequestConfig.swift */,
				03B05D9324CDCE6A005973D0 /* URLRequestFactory.swift */,
			);
			path = Abstract;
			sourceTree = "<group>";
		};
		03B05D9624CDCED2005973D0 /* Earthquakes */ = {
			isa = PBXGroup;
			children = (
				03B05D9724CDCEEF005973D0 /* EarthquakeURLRequestFactory.swift */,
			);
			path = Earthquakes;
			sourceTree = "<group>";
		};
		03B05DAB24CF5B70005973D0 /* DI */ = {
			isa = PBXGroup;
			children = (
				03B05DAC24CF5B77005973D0 /* Injection.swift */,
			);
			path = DI;
			sourceTree = "<group>";
		};
		03B05DAE24CF5B7F005973D0 /* UI Models */ = {
			isa = PBXGroup;
			children = (
				03B05DAF24CF5B97005973D0 /* Earthquake.swift */,
			);
			path = "UI Models";
			sourceTree = "<group>";
		};
		683F1C9CBDD8E756240FA5ED /* Frameworks */ = {
			isa = PBXGroup;
			children = (
				87006702E327A0E2CE06FC92 /* Pods_Earthquakes.framework */,
				2A808555E0E4A0848A598F65 /* Pods_EarthquakesTests.framework */,
			);
			name = Frameworks;
			sourceTree = "<group>";
		};
		BBCAAB831B5B8FFAD00EDF76 /* Pods */ = {
			isa = PBXGroup;
			children = (
				CAA4E6BA82AA9CF9C474B815 /* Pods-Earthquakes.debug.xcconfig */,
				036DAF1296A6C2350DFA0CE4 /* Pods-Earthquakes.release.xcconfig */,
				C90AECC9CD7EBA3CD76349A9 /* Pods-EarthquakesTests.debug.xcconfig */,
				29E188A3D14F67D2633ECE80 /* Pods-EarthquakesTests.release.xcconfig */,
			);
			path = Pods;
			sourceTree = "<group>";
		};
/* End PBXGroup section */

/* Begin PBXNativeTarget section */
		03B05D5324CD9DAA005973D0 /* Earthquakes */ = {
			isa = PBXNativeTarget;
			buildConfigurationList = 03B05D7524CD9DAB005973D0 /* Build configuration list for PBXNativeTarget "Earthquakes" */;
			buildPhases = (
				9F63F5BF5359968BC6178BF0 /* [CP] Check Pods Manifest.lock */,
				03B05D5024CD9DAA005973D0 /* Sources */,
				03B05D5124CD9DAA005973D0 /* Frameworks */,
				03B05D5224CD9DAA005973D0 /* Resources */,
				63D18860BB62C9EAE27F8308 /* [CP] Embed Pods Frameworks */,
			);
			buildRules = (
			);
			dependencies = (
			);
			name = Earthquakes;
			productName = Earthquakes;
			productReference = 03B05D5424CD9DAA005973D0 /* Earthquakes.app */;
			productType = "com.apple.product-type.application";
		};
		03B05D6B24CD9DAB005973D0 /* EarthquakesTests */ = {
			isa = PBXNativeTarget;
			buildConfigurationList = 03B05D7824CD9DAB005973D0 /* Build configuration list for PBXNativeTarget "EarthquakesTests" */;
			buildPhases = (
				BF139FAF26DBD5401864D133 /* [CP] Check Pods Manifest.lock */,
				03B05D6824CD9DAB005973D0 /* Sources */,
				03B05D6924CD9DAB005973D0 /* Frameworks */,
				03B05D6A24CD9DAB005973D0 /* Resources */,
			);
			buildRules = (
			);
			dependencies = (
				03B05D6E24CD9DAB005973D0 /* PBXTargetDependency */,
			);
			name = EarthquakesTests;
			productName = EarthquakesTests;
			productReference = 03B05D6C24CD9DAB005973D0 /* EarthquakesTests.xctest */;
			productType = "com.apple.product-type.bundle.unit-test";
		};
/* End PBXNativeTarget section */

/* Begin PBXProject section */
		03B05D4C24CD9DAA005973D0 /* Project object */ = {
			isa = PBXProject;
			attributes = {
				LastSwiftUpdateCheck = 1160;
				LastUpgradeCheck = 1160;
				ORGANIZATIONNAME = "Shrawan Zadoo";
				TargetAttributes = {
					03B05D5324CD9DAA005973D0 = {
						CreatedOnToolsVersion = 11.6;
					};
					03B05D6B24CD9DAB005973D0 = {
						CreatedOnToolsVersion = 11.6;
						TestTargetID = 03B05D5324CD9DAA005973D0;
					};
				};
			};
			buildConfigurationList = 03B05D4F24CD9DAA005973D0 /* Build configuration list for PBXProject "Earthquakes" */;
			compatibilityVersion = "Xcode 9.3";
			developmentRegion = en;
			hasScannedForEncodings = 0;
			knownRegions = (
				en,
				Base,
			);
			mainGroup = 03B05D4B24CD9DAA005973D0;
			productRefGroup = 03B05D5524CD9DAA005973D0 /* Products */;
			projectDirPath = "";
			projectRoot = "";
			targets = (
				03B05D5324CD9DAA005973D0 /* Earthquakes */,
				03B05D6B24CD9DAB005973D0 /* EarthquakesTests */,
			);
		};
/* End PBXProject section */

/* Begin PBXResourcesBuildPhase section */
		03B05D5224CD9DAA005973D0 /* Resources */ = {
			isa = PBXResourcesBuildPhase;
			buildActionMask = 2147483647;
			files = (
				03B05D6624CD9DAB005973D0 /* LaunchScreen.storyboard in Resources */,
				03A2F40324D3598A00C9F256 /* DetailViewController.xib in Resources */,
				03B05D6324CD9DAB005973D0 /* Assets.xcassets in Resources */,
				03A2F40124D3588400C9F256 /* MasterViewController.xib in Resources */,
			);
			runOnlyForDeploymentPostprocessing = 0;
		};
		03B05D6A24CD9DAB005973D0 /* Resources */ = {
			isa = PBXResourcesBuildPhase;
			buildActionMask = 2147483647;
			files = (
			);
			runOnlyForDeploymentPostprocessing = 0;
		};
/* End PBXResourcesBuildPhase section */

/* Begin PBXShellScriptBuildPhase section */
		63D18860BB62C9EAE27F8308 /* [CP] Embed Pods Frameworks */ = {
			isa = PBXShellScriptBuildPhase;
			buildActionMask = 2147483647;
			files = (
			);
			inputFileListPaths = (
				"${PODS_ROOT}/Target Support Files/Pods-Earthquakes/Pods-Earthquakes-frameworks-${CONFIGURATION}-input-files.xcfilelist",
			);
			name = "[CP] Embed Pods Frameworks";
			outputFileListPaths = (
				"${PODS_ROOT}/Target Support Files/Pods-Earthquakes/Pods-Earthquakes-frameworks-${CONFIGURATION}-output-files.xcfilelist",
			);
			runOnlyForDeploymentPostprocessing = 0;
			shellPath = /bin/sh;
			shellScript = "\"${PODS_ROOT}/Target Support Files/Pods-Earthquakes/Pods-Earthquakes-frameworks.sh\"\n";
			showEnvVarsInLog = 0;
		};
		9F63F5BF5359968BC6178BF0 /* [CP] Check Pods Manifest.lock */ = {
			isa = PBXShellScriptBuildPhase;
			buildActionMask = 2147483647;
			files = (
			);
			inputFileListPaths = (
			);
			inputPaths = (
				"${PODS_PODFILE_DIR_PATH}/Podfile.lock",
				"${PODS_ROOT}/Manifest.lock",
			);
			name = "[CP] Check Pods Manifest.lock";
			outputFileListPaths = (
			);
			outputPaths = (
				"$(DERIVED_FILE_DIR)/Pods-Earthquakes-checkManifestLockResult.txt",
			);
			runOnlyForDeploymentPostprocessing = 0;
			shellPath = /bin/sh;
			shellScript = "diff \"${PODS_PODFILE_DIR_PATH}/Podfile.lock\" \"${PODS_ROOT}/Manifest.lock\" > /dev/null\nif [ $? != 0 ] ; then\n    # print error to STDERR\n    echo \"error: The sandbox is not in sync with the Podfile.lock. Run 'pod install' or update your CocoaPods installation.\" >&2\n    exit 1\nfi\n# This output is used by Xcode 'outputs' to avoid re-running this script phase.\necho \"SUCCESS\" > \"${SCRIPT_OUTPUT_FILE_0}\"\n";
			showEnvVarsInLog = 0;
		};
		BF139FAF26DBD5401864D133 /* [CP] Check Pods Manifest.lock */ = {
			isa = PBXShellScriptBuildPhase;
			buildActionMask = 2147483647;
			files = (
			);
			inputFileListPaths = (
			);
			inputPaths = (
				"${PODS_PODFILE_DIR_PATH}/Podfile.lock",
				"${PODS_ROOT}/Manifest.lock",
			);
			name = "[CP] Check Pods Manifest.lock";
			outputFileListPaths = (
			);
			outputPaths = (
				"$(DERIVED_FILE_DIR)/Pods-EarthquakesTests-checkManifestLockResult.txt",
			);
			runOnlyForDeploymentPostprocessing = 0;
			shellPath = /bin/sh;
			shellScript = "diff \"${PODS_PODFILE_DIR_PATH}/Podfile.lock\" \"${PODS_ROOT}/Manifest.lock\" > /dev/null\nif [ $? != 0 ] ; then\n    # print error to STDERR\n    echo \"error: The sandbox is not in sync with the Podfile.lock. Run 'pod install' or update your CocoaPods installation.\" >&2\n    exit 1\nfi\n# This output is used by Xcode 'outputs' to avoid re-running this script phase.\necho \"SUCCESS\" > \"${SCRIPT_OUTPUT_FILE_0}\"\n";
			showEnvVarsInLog = 0;
		};
/* End PBXShellScriptBuildPhase section */

/* Begin PBXSourcesBuildPhase section */
		03B05D5024CD9DAA005973D0 /* Sources */ = {
			isa = PBXSourcesBuildPhase;
			buildActionMask = 2147483647;
			files = (
				03B05DA224CE0580005973D0 /* EarthquakesRepository.swift in Sources */,
				03B05DA424CF58C5005973D0 /* UseCase.swift in Sources */,
				03B05DB224CF5D23005973D0 /* AppSchedulerProvider.swift in Sources */,
				03B05D5824CD9DAA005973D0 /* AppDelegate.swift in Sources */,
				03B05D5A24CD9DAA005973D0 /* SceneDelegate.swift in Sources */,
				03B05D9C24CDE6E7005973D0 /* EarthquakesDataManager.swift in Sources */,
				03B05DAD24CF5B77005973D0 /* Injection.swift in Sources */,
				03B05D8924CDCB91005973D0 /* QueueManager.swift in Sources */,
				03B05DB024CF5B97005973D0 /* Earthquake.swift in Sources */,
				03B05DA824CF5B5E005973D0 /* EarthquakeContract.swift in Sources */,
				03B05DA024CDEBB2005973D0 /* EarthquakesInfo.swift in Sources */,
				03B05D5C24CD9DAA005973D0 /* MasterViewController.swift in Sources */,
				03B05D9824CDCEEF005973D0 /* EarthquakeURLRequestFactory.swift in Sources */,
				03B05D9524CDCE6A005973D0 /* URLRequestFactory.swift in Sources */,
				03B05DA624CF5919005973D0 /* GetEarthquakes.swift in Sources */,
				03B05D8C24CDCC83005973D0 /* ConcurrentOperation.swift in Sources */,
				03B05D9E24CDEB72005973D0 /* EarthquakesDataSource.swift in Sources */,
				03B05D9A24CDE165005973D0 /* EarthquakesRemote.swift in Sources */,
				03B05D9424CDCE6A005973D0 /* RequestConfig.swift in Sources */,
				03B05D5E24CD9DAA005973D0 /* DetailViewController.swift in Sources */,
				03B05D8F24CDCD94005973D0 /* FetchEarthquakesOperation.swift in Sources */,
				03B05DAA24CF5B6D005973D0 /* EarthquakePresenter.swift in Sources */,
				03A2F3FF24D3406C00C9F256 /* MasterViewController+ViewContract.swift in Sources */,
			);
			runOnlyForDeploymentPostprocessing = 0;
		};
		03B05D6824CD9DAB005973D0 /* Sources */ = {
			isa = PBXSourcesBuildPhase;
			buildActionMask = 2147483647;
			files = (
			);
			runOnlyForDeploymentPostprocessing = 0;
		};
/* End PBXSourcesBuildPhase section */

/* Begin PBXTargetDependency section */
		03B05D6E24CD9DAB005973D0 /* PBXTargetDependency */ = {
			isa = PBXTargetDependency;
			target = 03B05D5324CD9DAA005973D0 /* Earthquakes */;
			targetProxy = 03B05D6D24CD9DAB005973D0 /* PBXContainerItemProxy */;
		};
/* End PBXTargetDependency section */

/* Begin PBXVariantGroup section */
		03B05D6424CD9DAB005973D0 /* LaunchScreen.storyboard */ = {
			isa = PBXVariantGroup;
			children = (
				03B05D6524CD9DAB005973D0 /* Base */,
			);
			name = LaunchScreen.storyboard;
			sourceTree = "<group>";
		};
/* End PBXVariantGroup section */

/* Begin XCBuildConfiguration section */
		03B05D7324CD9DAB005973D0 /* Debug */ = {
			isa = XCBuildConfiguration;
			buildSettings = {
				ALWAYS_SEARCH_USER_PATHS = NO;
				CLANG_ANALYZER_NONNULL = YES;
				CLANG_ANALYZER_NUMBER_OBJECT_CONVERSION = YES_AGGRESSIVE;
				CLANG_CXX_LANGUAGE_STANDARD = "gnu++14";
				CLANG_CXX_LIBRARY = "libc++";
				CLANG_ENABLE_MODULES = YES;
				CLANG_ENABLE_OBJC_ARC = YES;
				CLANG_ENABLE_OBJC_WEAK = YES;
				CLANG_WARN_BLOCK_CAPTURE_AUTORELEASING = YES;
				CLANG_WARN_BOOL_CONVERSION = YES;
				CLANG_WARN_COMMA = YES;
				CLANG_WARN_CONSTANT_CONVERSION = YES;
				CLANG_WARN_DEPRECATED_OBJC_IMPLEMENTATIONS = YES;
				CLANG_WARN_DIRECT_OBJC_ISA_USAGE = YES_ERROR;
				CLANG_WARN_DOCUMENTATION_COMMENTS = YES;
				CLANG_WARN_EMPTY_BODY = YES;
				CLANG_WARN_ENUM_CONVERSION = YES;
				CLANG_WARN_INFINITE_RECURSION = YES;
				CLANG_WARN_INT_CONVERSION = YES;
				CLANG_WARN_NON_LITERAL_NULL_CONVERSION = YES;
				CLANG_WARN_OBJC_IMPLICIT_RETAIN_SELF = YES;
				CLANG_WARN_OBJC_LITERAL_CONVERSION = YES;
				CLANG_WARN_OBJC_ROOT_CLASS = YES_ERROR;
				CLANG_WARN_RANGE_LOOP_ANALYSIS = YES;
				CLANG_WARN_STRICT_PROTOTYPES = YES;
				CLANG_WARN_SUSPICIOUS_MOVE = YES;
				CLANG_WARN_UNGUARDED_AVAILABILITY = YES_AGGRESSIVE;
				CLANG_WARN_UNREACHABLE_CODE = YES;
				CLANG_WARN__DUPLICATE_METHOD_MATCH = YES;
				COPY_PHASE_STRIP = NO;
				DEBUG_INFORMATION_FORMAT = dwarf;
				ENABLE_STRICT_OBJC_MSGSEND = YES;
				ENABLE_TESTABILITY = YES;
				GCC_C_LANGUAGE_STANDARD = gnu11;
				GCC_DYNAMIC_NO_PIC = NO;
				GCC_NO_COMMON_BLOCKS = YES;
				GCC_OPTIMIZATION_LEVEL = 0;
				GCC_PREPROCESSOR_DEFINITIONS = (
					"DEBUG=1",
					"$(inherited)",
				);
				GCC_WARN_64_TO_32_BIT_CONVERSION = YES;
				GCC_WARN_ABOUT_RETURN_TYPE = YES_ERROR;
				GCC_WARN_UNDECLARED_SELECTOR = YES;
				GCC_WARN_UNINITIALIZED_AUTOS = YES_AGGRESSIVE;
				GCC_WARN_UNUSED_FUNCTION = YES;
				GCC_WARN_UNUSED_VARIABLE = YES;
				IPHONEOS_DEPLOYMENT_TARGET = 13.6;
				MTL_ENABLE_DEBUG_INFO = INCLUDE_SOURCE;
				MTL_FAST_MATH = YES;
				ONLY_ACTIVE_ARCH = YES;
				SDKROOT = iphoneos;
				SWIFT_ACTIVE_COMPILATION_CONDITIONS = DEBUG;
				SWIFT_OPTIMIZATION_LEVEL = "-Onone";
			};
			name = Debug;
		};
		03B05D7424CD9DAB005973D0 /* Release */ = {
			isa = XCBuildConfiguration;
			buildSettings = {
				ALWAYS_SEARCH_USER_PATHS = NO;
				CLANG_ANALYZER_NONNULL = YES;
				CLANG_ANALYZER_NUMBER_OBJECT_CONVERSION = YES_AGGRESSIVE;
				CLANG_CXX_LANGUAGE_STANDARD = "gnu++14";
				CLANG_CXX_LIBRARY = "libc++";
				CLANG_ENABLE_MODULES = YES;
				CLANG_ENABLE_OBJC_ARC = YES;
				CLANG_ENABLE_OBJC_WEAK = YES;
				CLANG_WARN_BLOCK_CAPTURE_AUTORELEASING = YES;
				CLANG_WARN_BOOL_CONVERSION = YES;
				CLANG_WARN_COMMA = YES;
				CLANG_WARN_CONSTANT_CONVERSION = YES;
				CLANG_WARN_DEPRECATED_OBJC_IMPLEMENTATIONS = YES;
				CLANG_WARN_DIRECT_OBJC_ISA_USAGE = YES_ERROR;
				CLANG_WARN_DOCUMENTATION_COMMENTS = YES;
				CLANG_WARN_EMPTY_BODY = YES;
				CLANG_WARN_ENUM_CONVERSION = YES;
				CLANG_WARN_INFINITE_RECURSION = YES;
				CLANG_WARN_INT_CONVERSION = YES;
				CLANG_WARN_NON_LITERAL_NULL_CONVERSION = YES;
				CLANG_WARN_OBJC_IMPLICIT_RETAIN_SELF = YES;
				CLANG_WARN_OBJC_LITERAL_CONVERSION = YES;
				CLANG_WARN_OBJC_ROOT_CLASS = YES_ERROR;
				CLANG_WARN_RANGE_LOOP_ANALYSIS = YES;
				CLANG_WARN_STRICT_PROTOTYPES = YES;
				CLANG_WARN_SUSPICIOUS_MOVE = YES;
				CLANG_WARN_UNGUARDED_AVAILABILITY = YES_AGGRESSIVE;
				CLANG_WARN_UNREACHABLE_CODE = YES;
				CLANG_WARN__DUPLICATE_METHOD_MATCH = YES;
				COPY_PHASE_STRIP = NO;
				DEBUG_INFORMATION_FORMAT = "dwarf-with-dsym";
				ENABLE_NS_ASSERTIONS = NO;
				ENABLE_STRICT_OBJC_MSGSEND = YES;
				GCC_C_LANGUAGE_STANDARD = gnu11;
				GCC_NO_COMMON_BLOCKS = YES;
				GCC_WARN_64_TO_32_BIT_CONVERSION = YES;
				GCC_WARN_ABOUT_RETURN_TYPE = YES_ERROR;
				GCC_WARN_UNDECLARED_SELECTOR = YES;
				GCC_WARN_UNINITIALIZED_AUTOS = YES_AGGRESSIVE;
				GCC_WARN_UNUSED_FUNCTION = YES;
				GCC_WARN_UNUSED_VARIABLE = YES;
				IPHONEOS_DEPLOYMENT_TARGET = 13.6;
				MTL_ENABLE_DEBUG_INFO = NO;
				MTL_FAST_MATH = YES;
				SDKROOT = iphoneos;
				SWIFT_COMPILATION_MODE = wholemodule;
				SWIFT_OPTIMIZATION_LEVEL = "-O";
				VALIDATE_PRODUCT = YES;
			};
			name = Release;
		};
		03B05D7624CD9DAB005973D0 /* Debug */ = {
			isa = XCBuildConfiguration;
			baseConfigurationReference = CAA4E6BA82AA9CF9C474B815 /* Pods-Earthquakes.debug.xcconfig */;
			buildSettings = {
				ASSETCATALOG_COMPILER_APPICON_NAME = AppIcon;
				CODE_SIGN_STYLE = Automatic;
				INFOPLIST_FILE = Earthquakes/Info.plist;
				LD_RUNPATH_SEARCH_PATHS = (
					"$(inherited)",
					"@executable_path/Frameworks",
				);
				PRODUCT_BUNDLE_IDENTIFIER = com.shrawan.Earthquakes;
				PRODUCT_NAME = "$(TARGET_NAME)";
				SWIFT_VERSION = 5.0;
				TARGETED_DEVICE_FAMILY = "1,2";
			};
			name = Debug;
		};
		03B05D7724CD9DAB005973D0 /* Release */ = {
			isa = XCBuildConfiguration;
			baseConfigurationReference = 036DAF1296A6C2350DFA0CE4 /* Pods-Earthquakes.release.xcconfig */;
			buildSettings = {
				ASSETCATALOG_COMPILER_APPICON_NAME = AppIcon;
				CODE_SIGN_STYLE = Automatic;
				INFOPLIST_FILE = Earthquakes/Info.plist;
				LD_RUNPATH_SEARCH_PATHS = (
					"$(inherited)",
					"@executable_path/Frameworks",
				);
				PRODUCT_BUNDLE_IDENTIFIER = com.shrawan.Earthquakes;
				PRODUCT_NAME = "$(TARGET_NAME)";
				SWIFT_VERSION = 5.0;
				TARGETED_DEVICE_FAMILY = "1,2";
			};
			name = Release;
		};
		03B05D7924CD9DAB005973D0 /* Debug */ = {
			isa = XCBuildConfiguration;
			baseConfigurationReference = C90AECC9CD7EBA3CD76349A9 /* Pods-EarthquakesTests.debug.xcconfig */;
			buildSettings = {
				ALWAYS_EMBED_SWIFT_STANDARD_LIBRARIES = YES;
				BUNDLE_LOADER = "$(TEST_HOST)";
				CODE_SIGN_STYLE = Automatic;
				INFOPLIST_FILE = EarthquakesTests/Info.plist;
				IPHONEOS_DEPLOYMENT_TARGET = 13.6;
				LD_RUNPATH_SEARCH_PATHS = (
					"$(inherited)",
					"@executable_path/Frameworks",
					"@loader_path/Frameworks",
				);
				PRODUCT_BUNDLE_IDENTIFIER = com.shrawan.EarthquakesTests;
				PRODUCT_NAME = "$(TARGET_NAME)";
				SWIFT_VERSION = 5.0;
				TARGETED_DEVICE_FAMILY = "1,2";
				TEST_HOST = "$(BUILT_PRODUCTS_DIR)/Earthquakes.app/Earthquakes";
			};
			name = Debug;
		};
		03B05D7A24CD9DAB005973D0 /* Release */ = {
			isa = XCBuildConfiguration;
			baseConfigurationReference = 29E188A3D14F67D2633ECE80 /* Pods-EarthquakesTests.release.xcconfig */;
			buildSettings = {
				ALWAYS_EMBED_SWIFT_STANDARD_LIBRARIES = YES;
				BUNDLE_LOADER = "$(TEST_HOST)";
				CODE_SIGN_STYLE = Automatic;
				INFOPLIST_FILE = EarthquakesTests/Info.plist;
				IPHONEOS_DEPLOYMENT_TARGET = 13.6;
				LD_RUNPATH_SEARCH_PATHS = (
					"$(inherited)",
					"@executable_path/Frameworks",
					"@loader_path/Frameworks",
				);
				PRODUCT_BUNDLE_IDENTIFIER = com.shrawan.EarthquakesTests;
				PRODUCT_NAME = "$(TARGET_NAME)";
				SWIFT_VERSION = 5.0;
				TARGETED_DEVICE_FAMILY = "1,2";
				TEST_HOST = "$(BUILT_PRODUCTS_DIR)/Earthquakes.app/Earthquakes";
			};
			name = Release;
		};
/* End XCBuildConfiguration section */

/* Begin XCConfigurationList section */
		03B05D4F24CD9DAA005973D0 /* Build configuration list for PBXProject "Earthquakes" */ = {
			isa = XCConfigurationList;
			buildConfigurations = (
				03B05D7324CD9DAB005973D0 /* Debug */,
				03B05D7424CD9DAB005973D0 /* Release */,
			);
			defaultConfigurationIsVisible = 0;
			defaultConfigurationName = Release;
		};
		03B05D7524CD9DAB005973D0 /* Build configuration list for PBXNativeTarget "Earthquakes" */ = {
			isa = XCConfigurationList;
			buildConfigurations = (
				03B05D7624CD9DAB005973D0 /* Debug */,
				03B05D7724CD9DAB005973D0 /* Release */,
			);
			defaultConfigurationIsVisible = 0;
			defaultConfigurationName = Release;
		};
		03B05D7824CD9DAB005973D0 /* Build configuration list for PBXNativeTarget "EarthquakesTests" */ = {
			isa = XCConfigurationList;
			buildConfigurations = (
				03B05D7924CD9DAB005973D0 /* Debug */,
				03B05D7A24CD9DAB005973D0 /* Release */,
			);
			defaultConfigurationIsVisible = 0;
			defaultConfigurationName = Release;
		};
/* End XCConfigurationList section */
	};
	rootObject = 03B05D4C24CD9DAA005973D0 /* Project object */;
}
